
Microsoft Visual Studio Solution File, Format Version 12.00
# Visual Studio Version 16
VisualStudioVersion = 16.0.29613.14
MinimumVisualStudioVersion = 10.0.40219.1
Project("{9A19103F-16F7-4668-BE54-9A1E7A4F7556}") = "TicTacCore.Console", "TicTacCore\TicTacCore.Console.csproj", "{6817F8C3-BDF0-42EE-B043-05B5EF25D2CA}"
EndProject
Project("{9A19103F-16F7-4668-BE54-9A1E7A4F7556}") = "TicTacCore.Logic", "TicTacCore.Logic\TicTacCore.Logic.csproj", "{E8FA1CB7-537E-44B8-BD7E-5A081933D8C1}"
EndProject
Project("{9A19103F-16F7-4668-BE54-9A1E7A4F7556}") = "TicTacCore.Tests", "TicTacCore.Tests\TicTacCore.Tests.csproj", "{CA0D704B-DC40-42DC-A19D-199262A16D08}"
EndProject
Project("{FAE04EC0-301F-11D3-BF4B-00C04F79EFBC}") = "TicTacCore.UI", "TicTacCore.UI\TicTacCore.UI.csproj", "{EB7CC1C0-173D-4728-A512-467C73DC4F5A}"
EndProject
Global
	GlobalSection(SolutionConfigurationPlatforms) = preSolution
		Debug|Any CPU = Debug|Any CPU
		Release|Any CPU = Release|Any CPU
	EndGlobalSection
	GlobalSection(ProjectConfigurationPlatforms) = postSolution
		{6817F8C3-BDF0-42EE-B043-05B5EF25D2CA}.Debug|Any CPU.ActiveCfg = Debug|Any CPU
		{6817F8C3-BDF0-42EE-B043-05B5EF25D2CA}.Debug|Any CPU.Build.0 = Debug|Any CPU
		{6817F8C3-BDF0-42EE-B043-05B5EF25D2CA}.Release|Any CPU.ActiveCfg = Release|Any CPU
		{6817F8C3-BDF0-42EE-B043-05B5EF25D2CA}.Release|Any CPU.Build.0 = Release|Any CPU
		{E8FA1CB7-537E-44B8-BD7E-5A081933D8C1}.Debug|Any CPU.ActiveCfg = Debug|Any CPU
		{E8FA1CB7-537E-44B8-BD7E-5A081933D8C1}.Debug|Any CPU.Build.0 = Debug|Any CPU
		{E8FA1CB7-537E-44B8-BD7E-5A081933D8C1}.Release|Any CPU.ActiveCfg = Release|Any CPU
		{E8FA1CB7-537E-44B8-BD7E-5A081933D8C1}.Release|Any CPU.Build.0 = Release|Any CPU
		{CA0D704B-DC40-42DC-A19D-199262A16D08}.Debug|Any CPU.ActiveCfg = Debug|Any CPU
		{CA0D704B-DC40-42DC-A19D-199262A16D08}.Debug|Any CPU.Build.0 = Debug|Any CPU
		{CA0D704B-DC40-42DC-A19D-199262A16D08}.Release|Any CPU.ActiveCfg = Release|Any CPU
		{CA0D704B-DC40-42DC-A19D-199262A16D08}.Release|Any CPU.Build.0 = Release|Any CPU
		{EB7CC1C0-173D-4728-A512-467C73DC4F5A}.Debug|Any CPU.ActiveCfg = Debug|Any CPU
		{EB7CC1C0-173D-4728-A512-467C73DC4F5A}.Debug|Any CPU.Build.0 = Debug|Any CPU
		{EB7CC1C0-173D-4728-A512-467C73DC4F5A}.Release|Any CPU.ActiveCfg = Release|Any CPU
		{EB7CC1C0-173D-4728-A512-467C73DC4F5A}.Release|Any CPU.Build.0 = Release|Any CPU
	EndGlobalSection
	GlobalSection(SolutionProperties) = preSolution
		HideSolutionNode = FALSE
	EndGlobalSection
	GlobalSection(ExtensibilityGlobals) = postSolution
		SolutionGuid = {B36E0DA1-E55F-4679-8677-2E85AD08C75E}
	EndGlobalSection
EndGlobal
